
Microsoft Visual Studio Solution File, Format Version 12.00
# Visual Studio 14
VisualStudioVersion = 14.0.25123.0
MinimumVisualStudioVersion = 10.0.40219.1
Project("{FAE04EC0-301F-11D3-BF4B-00C04F79EFBC}") = "CypherMVC", "CypherMVC\CypherMVC.csproj", "{30C532F8-C185-4541-B647-49B73B1E3C6D}"
EndProject
Global
	GlobalSection(SolutionConfigurationPlatforms) = preSolution
		Debug|Any CPU = Debug|Any CPU
		Release|Any CPU = Release|Any CPU
	EndGlobalSection
	GlobalSection(ProjectConfigurationPlatforms) = postSolution
		{30C532F8-C185-4541-B647-49B73B1E3C6D}.Debug|Any CPU.ActiveCfg = Debug|Any CPU
		{30C532F8-C185-4541-B647-49B73B1E3C6D}.Debug|Any CPU.Build.0 = Debug|Any CPU
		{30C532F8-C185-4541-B647-49B73B1E3C6D}.Release|Any CPU.ActiveCfg = Release|Any CPU
		{30C532F8-C185-4541-B647-49B73B1E3C6D}.Release|Any CPU.Build.0 = Release|Any CPU
	EndGlobalSection
	GlobalSection(SolutionProperties) = preSolution
		HideSolutionNode = FALSE
	EndGlobalSection
EndGlobal
